github.com/aws/aws-sdk-go-v2 v1.16.7 h1:zfBwXus3u14OszRxGcqCDS4MfMCv10e8SMJ2r8Xm0Ns=
github.com/aws/aws-sdk-go-v2 v1.16.7/go.mod h1:6CpKuLXg2w7If3ABZCl/qZ6rEgwtjZTn4eAf4RcEyuw=
github.com/aws/aws-sdk-go-v2/aws/protocol/eventstream v1.4.3 h1:S/ZBwevQkr7gv5YxONYpGQxlMFFYSRfz3RMcjsC9Qhk=
github.com/aws/aws-sdk-go-v2/aws/protocol/eventstream v1.4.3/go.mod h1:gNsR5CaXKmQSSzrmGxmwmct/r+ZBfbxorAuXYsj/M5Y=
github.com/aws/aws-sdk-go-v2/config v1.15.14 h1:+BqpqlydTq4c2et9Daury7gE+o67P4lbk7eybiCBNc4=
github.com/aws/aws-sdk-go-v2/config v1.15.14/go.mod h1:CQBv+VVv8rR5z2xE+Chdh5m+rFfsqeY4k0veEZeq6QM=
github.com/aws/aws-sdk-go-v2/credentials v1.12.9 h1:DloAJr0/jbvm0iVRFDFh8GlWxrOd9XKyX82U+dfVeZs=
github.com/aws/aws-sdk-go-v2/credentials v1.12.9/go.mod h1:2Vavxl1qqQXJ8MUcQZTsIEW8cwenFCWYXtLRPba3L/o=
github.com/aws/aws-sdk-go-v2/feature/cloudfront/sign v1.3.21 h1:UIFjw8FIqXHmvfcdpI04ZqJDtkVuVGH646l+JqzdgaA=
github.com/aws/aws-sdk-go-v2/feature/cloudfront/sign v1.3.21/go.mod h1:tvaY6rFegwTatXA8+1dJCB77p45ahd1w1A1ZM3chKH4=
github.com/aws/aws-sdk-go-v2/feature/ec2/imds v1.12.8 h1:VfBdn2AxwMbFyJN/lF/xuT3SakomJ86PZu3rCxb5K0s=
github.com/aws/aws-sdk-go-v2/feature/ec2/imds v1.12.8/go.mod h1:oL1Q3KuCq1D4NykQnIvtRiBGLUXhcpY5pl6QZB2XEPU=
github.com/aws/aws-sdk-go-v2/feature/s3/manager v1.11.20 h1:J7/+NFr8N7ebaC/Khie8ptnWn0h436q1hblMeL53mww=
github.com/aws/aws-sdk-go-v2/feature/s3/manager v1.11.20/go.mod h1:IOgK2DAat3WO2qAaPmIzTdF+QqL18samL3dqZdjRBZI=
github.com/aws/aws-sdk-go-v2/internal/configsources v1.1.14 h1:2C0pYHcUBmdzPj+EKNC4qj97oK6yjrUhc1KoSodglvk=
github.com/aws/aws-sdk-go-v2/internal/configsources v1.1.14/go.mod h1:kdjrMwHwrC3+FsKhNcCMJ7tUVj/8uSD5CZXeQ4wV6fM=
github.com/aws/aws-sdk-go-v2/internal/endpoints/v2 v2.4.8 h1:2J+jdlBJWEmTyAwC82Ym68xCykIvnSnIN18b8xHGlcc=
github.com/aws/aws-sdk-go-v2/internal/endpoints/v2 v2.4.8/go.mod h1:ZIV8GYoC6WLBW5KGs+o4rsc65/ozd+eQ0L31XF5VDwk=
github.com/aws/aws-sdk-go-v2/internal/ini v1.3.15 h1:QquxR7NH3ULBsKC+NoTpilzbKKS+5AELfNREInbhvas=
github.com/aws/aws-sdk-go-v2/internal/ini v1.3.15/go.mod h1:Tkrthp/0sNBShQQsamR7j/zY4p19tVTAs+nnqhH6R3c=
github.com/aws/aws-sdk-go-v2/internal/v4a v1.0.5 h1:tEEHn+PGAxRVqMPEhtU8oCSW/1Ge3zP5nUgPrGQNUPs=
github.com/aws/aws-sdk-go-v2/internal/v4a v1.0.5/go.mod h1:aIwFF3dUk95ocCcA3zfk3nhz0oLkpzHFWuMp8l/4nNs=
github.com/aws/aws-sdk-go-v2/service/internal/accept-encoding v1.9.3 h1:4n4KCtv5SUoT5Er5XV41huuzrCqepxlW3SDI9qHQebc=
github.com/aws/aws-sdk-go-v2/service/internal/accept-encoding v1.9.3/go.mod h1:gkb2qADY+OHaGLKNTYxMaQNacfeyQpZ4csDTQMeFmcw=
github.com/aws/aws-sdk-go-v2/service/internal/checksum v1.1.9 h1:gVv2vXOMqJeR4ZHHV32K7LElIJIIzyw/RU1b0lSfWTQ=
github.com/aws/aws-sdk-go-v2/service/internal/checksum v1.1.9/go.mod h1:EF5RLnD9l0xvEWwMRcktIS/dI6lF8lU5eV3B13k6sWo=
github.com/aws/aws-sdk-go-v2/service/internal/presigned-url v1.9.8 h1:oKnAXxSF2FUvfgw8uzU/v9OTYorJJZ8eBmWhr9TWVVQ=
github.com/aws/aws-sdk-go-v2/service/internal/presigned-url v1.9.8/go.mod h1:rDVhIMAX9N2r8nWxDUlbubvvaFMnfsm+3jAV7q+rpM4=
github.com/aws/aws-sdk-go-v2/service/internal/s3shared v1.13.8 h1:TlN1UC39A0LUNoD51ubO5h32haznA+oVe15jO9O4Lj0=
github.com/aws/aws-sdk-go-v2/service/internal/s3shared v1.13.8/go.mod h1:JlVwmWtT/1c5W+6oUsjXjAJ0iJZ+hlghdrDy/8JxGCU=
github.com/aws/aws-sdk-go-v2/service/s3 v1.27.1 h1:OKQIQ0QhEBmGr2LfT952meIZz3ujrPYnxH+dO/5ldnI=
github.com/aws/aws-sdk-go-v2/service/s3 v1.27.1/go.mod h1:NffjpNsMUFXp6Ok/PahrktAncoekWrywvmIK83Q2raE=
github.com/aws/aws-sdk-go-v2/service/sso v1.11.12 h1:760bUnTX/+d693FT6T6Oa7PZHfEQT9XMFZeM5IQIB0A=
github.com/aws/aws-sdk-go-v2/service/sso v1.11.12/go.mod h1:MO4qguFjs3wPGcCSpQ7kOFTwRvb+eu+fn+1vKleGHUk=
github.com/aws/aws-sdk-go-v2/service/sts v1.16.9 h1:yOfILxyjmtr2ubRkRJldlHDFBhf5vw4CzhbwWIBmimQ=
github.com/aws/aws-sdk-go-v2/service/sts v1.16.9/go.mod h1:O1IvkYxr+39hRf960Us6j0x1P8pDqhTX+oXM5kQNl/Y=
github.com/aws/smithy-go v1.12.0 h1:gXpeZel/jPoWQ7OEmLIgCUnhkFftqNfwWUwAHSlp1v0=
github.com/aws/smithy-go v1.12.0/go.mod h1:Tg+OJXh4MB2R/uN61Ko2f6hTZwB/ZYGOtib8J3gBHzA=
github.com/creack/pty v1.1.9/go.mod h1:oKZEueFk5CKHvIhNR5MUki03XCEU+Q6VDXinZuGJ33E=
github.com/davecgh/go-spew v1.1.0/go.mod h1:J7Y8YcW2NihsgmVo/mv3lAwl/skON4iLHjSsI+c5H38=
github.com/davecgh/go-spew v1.1.1 h1:vj9j/u1bqnvCEfJOwUhtlOARqs3+rkHYY13jYWTU97c=
github.com/davecgh/go-spew v1.1.1/go.mod h1:J7Y8YcW2NihsgmVo/mv3lAwl/skON4iLHjSsI+c5H38=
github.com/gin-contrib/sse v0.1.0 h1:Y/yl/+YNO8GZSjAhjMsSuLt29uWRFHdHYUb5lYOV9qE=
github.com/gin-contrib/sse v0.1.0/go.mod h1:RHrZQHXnP2xjPF+u1gW/2HnVO7nvIa9PG3Gm+fLHvGI=
github.com/gin-gonic/gin v1.8.2 h1:UzKToD9/PoFj/V4rvlKqTRKnQYyz8Sc1MJlv4JHPtvY=
github.com/gin-gonic/gin v1.8.2/go.mod h1:qw5AYuDrzRTnhvusDsrov+fDIxp9Dleuu12h8nfB398=
github.com/go-playground/assert/v2 v2.2.0 h1:JvknZsQTYeFEAhQwI4qEt9cyV5ONwRHC+lYKSsYSR8s=
github.com/go-playground/locales v0.14.1 h1:EWaQ/wswjilfKLTECiXz7Rh+3BjFhfDFKv/oXslEjJA=
github.com/go-playground/locales v0.14.1/go.mod h1:hxrqLVvrK65+Rwrd5Fc6F2O76J/NuW9t0sjnWqG1slY=
github.com/go-playground/universal-translator v0.18.1 h1:Bcnm0ZwsGyWbCzImXv+pAJnYK9S473LQFuzCbDbfSFY=
github.com/go-playground/universal-translator v0.18.1/go.mod h1:xekY+UJKNuX9WP91TpwSH2VMlDf28Uj24BCp08ZFTUY=
github.com/go-playground/validator/v10 v10.11.2 h1:q3SHpufmypg+erIExEKUmsgmhDTyhcJ38oeKGACXohU=
github.com/go-playground/validator/v10 v10.11.2/go.mod h1:NieE624vt4SCTJtD87arVLvdmjPAeV8BQlHtMnw9D7s=
github.com/goccy/go-json v0.10.0 h1:mXKd9Qw4NuzShiRlOXKews24ufknHO7gx30lsDyokKA=
github.com/goccy/go-json v0.10.0/go.mod h1:6MelG93GURQebXPDq3khkgXZkazVtN9CRI+MGFi0w8I=
github.com/golang/protobuf v1.5.0/go.mod h1:FsONVRAS9T7sI+LIUmWTfcYkHO4aIWwzhcaSAoJOfIk=
github.com/google/go-cmp v0.5.5/go.mod h1:v8dTdLbMG2kIc/vJvl+f65V22dbkXbowE6jgT/gNBxE=
github.com/google/go-cmp v0.5.8 h1:e6P7q2lk1O+qJJb4BtCQXlK8vWEO8V1ZeuEdJNOqZyg=
github.com/google/go-cmp v0.5.8/go.mod h1:17dUlkBOakJ0+DkrSSNjCkIjxS6bF9zb3elmeNGIjoY=
github.com/google/gofuzz v1.0.0/go.mod h1:dBl0BpW6vV/+mYPU4Po3pmUjxk6FQPldtuIdl/M65Eg=
github.com/jmespath/go-jmespath v0.4.0 h1:BEgLn5cpjn8UN1mAw4NjwDrS35OdebyEtFe+9YPoQUg=
github.com/jmespath/go-jmespath v0.4.0/go.mod h1:T8mJZnbsbmF+m6zOOFylbeCJqk5+pHWvzYPziyZiYoo=
github.com/jmespath/go-jmespath/internal/testify v1.5.1 h1:shLQSRRSCCPj3f2gpwzGwWFoC7ycTf1rcQZHOlsJ6N8=
github.com/jmespath/go-jmespath/internal/testify v1.5.1/go.mod h1:L3OGu8Wl2/fWfCI6z80xFu9LTZmf1ZRjMHUOPmWr69U=
github.com/json-iterator/go v1.1.12 h1:PV8peI4a0ysnczrg+LtxykD8LfKY9ML6u2jnxaEnrnM=
github.com/json-iterator/go v1.1.12/go.mod h1:e30LSqwooZae/UwlEbR2852Gd8hjQvJoHmT4TnhNGBo=
github.com/kr/pretty v0.3.0 h1:WgNl7dwNpEZ6jJ9k1snq4pZsg7DOEN8hP9Xw0Tsjwk0=
github.com/kr/text v0.2.0 h1:5Nx0Ya0ZqY2ygV366QzturHI13Jq95ApcVaJBhpS+AY=
github.com/kr/text v0.2.0/go.mod h1:eLer722TekiGuMkidMxC/pM04lWEeraHUUmBw8l2grE=
github.com/leodido/go-urn v1.2.1 h1:BqpAaACuzVSgi/VLzGZIobT2z4v53pjosyNd9Yv6n/w=
github.com/leodido/go-urn v1.2.1/go.mod h1:zt4jvISO2HfUBqxjfIshjdMTYS56ZS/qv49ictyFfxY=
github.com/mattn/go-isatty v0.0.17 h1:BTarxUcIeDqL27Mc+vyvdWYSL28zpIhv3RoTdsLMPng=
github.com/mattn/go-isatty v0.0.17/go.mod h1:kYGgaQfpe5nmfYZH+SKPsOc2e4SrIfOl2e/yFXSvRLM=
github.com/modern-go/concurrent v0.0.0-20180228061459-e0a39a4cb421/go.mod h1:6dJC0mAP4ikYIbvyc7fijjWJddQyLn8Ig3JB5CqoB9Q=
github.com/modern-go/concurrent v0.0.0-20180306012644-bacd9c7ef1dd h1:TRLaZ9cD/w8PVh93nsPXa1VrQ6jlwL5oN8l14QlcNfg=
github.com/modern-go/concurrent v0.0.0-20180306012644-bacd9c7ef1dd/go.mod h1:6dJC0mAP4ikYIbvyc7fijjWJddQyLn8Ig3JB5CqoB9Q=
github.com/modern-go/reflect2 v1.0.2 h1:xBagoLtFs94CBntxluKeaWgTMpvLxC4ur3nMaC9Gz0M=
github.com/modern-go/reflect2 v1.0.2/go.mod h1:yWuevngMOJpCy52FWWMvUC8ws7m/LJsjYzDa0/r8luk=
github.com/pelletier/go-toml/v2 v2.0.6 h1:nrzqCb7j9cDFj2coyLNLaZuJTLjWjlaz6nvTvIwycIU=
github.com/pelletier/go-toml/v2 v2.0.6/go.mod h1:eumQOmlWiOPt5WriQQqoM5y18pDHwha2N+QD+EUNTek=
github.com/pmezard/go-difflib v1.0.0 h1:4DBwDE0NGyQoBHbLQYPwSUPoCMWR5BEzIk/f1lZbAQM=
github.com/pmezard/go-difflib v1.0.0/go.mod h1:iKH77koFhYxTK1pcRnkKkqfTogsbg7gZNVY4sRDYZ/4=
github.com/rogpeppe/go-internal v1.8.0 h1:FCbCCtXNOY3UtUuHUYaghJg4y7Fd14rXifAYUAtL9R8=
github.com/stretchr/objx v0.1.0/go.mod h1:HFkY916IF+rwdDfMAkV7OtwuqBVzrE8GR6GFx+wExME=
github.com/stretchr/objx v0.4.0/go.mod h1:YvHI0jy2hoMjB+UWwv71VJQ9isScKT/TqJzVSSt89Yw=
github.com/stretchr/objx v0.5.0/go.mod h1:Yh+to48EsGEfYuaHDzXPcE3xhTkx73EhmCGUpEOglKo=
github.com/stretchr/testify v1.3.0/go.mod h1:M5WIy9Dh21IEIfnGCwXGc5bZfKNJtfHm1UVUgZn+9EI=
github.com/stretchr/testify v1.6.1/go.mod h1:6Fq8oRcR53rry900zMqJjRRixrwX3KX962/h/Wwjteg=
github.com/stretchr/testify v1.7.1/go.mod h1:6Fq8oRcR53rry900zMqJjRRixrwX3KX962/h/Wwjteg=
github.com/stretchr/testify v1.8.0/go.mod h1:yNjHg4UonilssWZ8iaSj1OCr/vHnekPRkoO+kdMU+MU=
github.com/stretchr/testify v1.8.1 h1:w7B6lhMri9wdJUVmEZPGGhZzrYTPvgJArz7wNPgYKsk=
github.com/stretchr/testify v1.8.1/go.mod h1:w2LPCIKwWwSfY2zedu0+kehJoqGctiVI29o6fzry7u4=
github.com/ugorji/go/codec v1.2.9 h1:rmenucSohSTiyL09Y+l2OCk+FrMxGMzho2+tjr5ticU=
github.com/ugorji/go/codec v1.2.9/go.mod h1:UNopzCgEMSXjBc6AOMqYvWC1ktqTAfzJZUZgYf6w6lg=
golang.org/x/crypto v0.6.0 h1:qfktjS5LUO+fFKeJXZ+ikTRijMmljikvG68fpMMruSc=
golang.org/x/crypto v0.6.0/go.mod h1:OFC/31mSvZgRz0V1QTNCzfAI1aIRzbiufJtkMIlEp58=
golang.org/x/net v0.6.0 h1:L4ZwwTvKW9gr0ZMS1yrHD9GZhIuVjOBBnaKH+SPQK0Q=
golang.org/x/net v0.6.0/go.mod h1:2Tu9+aMcznHK/AK1HMvgo6xiTLG5rD5rZLDS+rp2Bjs=
golang.org/x/sys v0.0.0-20220811171246-fbc7d0a398ab/go.mod h1:oPkhp1MJrh7nUepCBck5+mAzfO9JrbApNNgaTdGDITg=
golang.org/x/sys v0.5.0 h1:MUK/U/4lj1t1oPg0HfuXDN/Z1wv31ZJ/YcPiGccS4DU=
golang.org/x/sys v0.5.0/go.mod h1:oPkhp1MJrh7nUepCBck5+mAzfO9JrbApNNgaTdGDITg=
golang.org/x/text v0.7.0 h1:4BRB4x83lYWy72KwLD/qYDuTu7q9PjSagHvijDw7cLo=
golang.org/x/text v0.7.0/go.mod h1:mrYo+phRRbMaCq/xk9113O4dZlRixOauAjOtrjsXDZ8=
golang.org/x/xerrors v0.0.0-20191204190536-9bdfabe68543/go.mod h1:I/5z698sn9Ka8TeJc9MKroUUfqBBauWjQqLJ2OPfmY0=
google.golang.org/protobuf v1.26.0-rc.1/go.mod h1:jlhhOSvTdKEhbULTjvd4ARK9grFBp09yW+WbY/TyQbw=
google.golang.org/protobuf v1.28.1 h1:d0NfwRgPtno5B1Wa6L2DAG+KivqkdutMf1UhdNx175w=
google.golang.org/protobuf v1.28.1/go.mod h1:HV8QOd/L58Z+nl8r43ehVNZIU/HEI6OcFqwMG9pJV4I=
gopkg.in/check.v1 v0.0.0-20161208181325-20d25e280405/go.mod h1:Co6ibVJAznAaIkqp8huTwlJQCZ016jof/cbN4VW5Yz0=
gopkg.in/check.v1 v1.0.0-20201130134442-10cb98267c6c h1:Hei/4ADfdWqJk1ZMxUNpqntNwaWcugrBjAiHlqqRiVk=
gopkg.in/yaml.v2 v2.2.8/go.mod h1:hI93XBmqTisBFMUTm0b8Fm+jr3Dg1NNxqwp+5A1VGuI=
gopkg.in/yaml.v2 v2.4.0 h1:D8xgwECY7CYvx+Y2n4sBz93Jn9JRvxdiyyo8CTfuKaY=
gopkg.in/yaml.v2 v2.4.0/go.mod h1:RDklbk79AGWmwhnvt/jBztapEOGDOx6ZbXqjP6csGnQ=
gopkg.in/yaml.v3 v3.0.0-20200313102051-9f266ea9e77c/go.mod h1:K4uyk7z7BCEPqu6E+C64Yfv1cQ7kz7rIZviUmN+EgEM=
gopkg.in/yaml.v3 v3.0.1 h1:fxVm/GzAzEWqLHuvctI91KS9hhNmmWOoWu0XTYJS7CA=
gopkg.in/yaml.v3 v3.0.1/go.mod h1:K4uyk7z7BCEPqu6E+C64Yfv1cQ7kz7rIZviUmN+EgEM=
